
Microsoft Visual Studio Solution File, Format Version 12.00
# Visual Studio Version 17
VisualStudioVersion = 17.8.34525.116
MinimumVisualStudioVersion = 10.0.40219.1
Project("{FAE04EC0-301F-11D3-BF4B-00C04F79EFBC}") = "RazorPagesWebApplicationUI", "RazorPagesWebApplicationUI\RazorPagesWebApplicationUI.csproj", "{52B7D720-E807-4CAF-9111-D42AF39D8A84}"
EndProject
Project("{FAE04EC0-301F-11D3-BF4B-00C04F79EFBC}") = "ClassLibrary", "ClassLibrary\ClassLibrary.csproj", "{2C01FC11-1FC2-4873-84D5-281ED656070A}"
EndProject
Global
	GlobalSection(SolutionConfigurationPlatforms) = preSolution
		Debug|Any CPU = Debug|Any CPU
		Release|Any CPU = Release|Any CPU
	EndGlobalSection
	GlobalSection(ProjectConfigurationPlatforms) = postSolution
		{52B7D720-E807-4CAF-9111-D42AF39D8A84}.Debug|Any CPU.ActiveCfg = Debug|Any CPU
		{52B7D720-E807-4CAF-9111-D42AF39D8A84}.Debug|Any CPU.Build.0 = Debug|Any CPU
		{52B7D720-E807-4CAF-9111-D42AF39D8A84}.Release|Any CPU.ActiveCfg = Release|Any CPU
		{52B7D720-E807-4CAF-9111-D42AF39D8A84}.Release|Any CPU.Build.0 = Release|Any CPU
		{2C01FC11-1FC2-4873-84D5-281ED656070A}.Debug|Any CPU.ActiveCfg = Debug|Any CPU
		{2C01FC11-1FC2-4873-84D5-281ED656070A}.Debug|Any CPU.Build.0 = Debug|Any CPU
		{2C01FC11-1FC2-4873-84D5-281ED656070A}.Release|Any CPU.ActiveCfg = Release|Any CPU
		{2C01FC11-1FC2-4873-84D5-281ED656070A}.Release|Any CPU.Build.0 = Release|Any CPU
	EndGlobalSection
	GlobalSection(SolutionProperties) = preSolution
		HideSolutionNode = FALSE
	EndGlobalSection
	GlobalSection(ExtensibilityGlobals) = postSolution
		SolutionGuid = {294D6C1E-50C8-4C21-9D5C-3D5718B3AA0B}
	EndGlobalSection
EndGlobal
